// !$*UTF8*$!
{
	archiveVersion = 1;
	classes = {
	};
	objectVersion = 46;
	objects = {

/* Begin PBXBuildFile section */
		CECAA6F81F457F6C0018FE84 /* AppDelegate.swift in Sources */ = {isa = PBXBuildFile; fileRef = CECAA6F71F457F6C0018FE84 /* AppDelegate.swift */; };
		CECAA6FA1F457F6C0018FE84 /* ViewController.swift in Sources */ = {isa = PBXBuildFile; fileRef = CECAA6F91F457F6C0018FE84 /* ViewController.swift */; };
		CECAA6FD1F457F6C0018FE84 /* Main.storyboard in Resources */ = {isa = PBXBuildFile; fileRef = CECAA6FB1F457F6C0018FE84 /* Main.storyboard */; };
		CECAA6FF1F457F6C0018FE84 /* Assets.xcassets in Resources */ = {isa = PBXBuildFile; fileRef = CECAA6FE1F457F6C0018FE84 /* Assets.xcassets */; };
		CECAA7021F457F6C0018FE84 /* LaunchScreen.storyboard in Resources */ = {isa = PBXBuildFile; fileRef = CECAA7001F457F6C0018FE84 /* LaunchScreen.storyboard */; };
		CECAA70D1F457F6D0018FE84 /* MetalExampleUITests.swift in Sources */ = {isa = PBXBuildFile; fileRef = CECAA70C1F457F6D0018FE84 /* MetalExampleUITests.swift */; };
		CECAA7181F45860A0018FE84 /* Shader.metal in Sources */ = {isa = PBXBuildFile; fileRef = CECAA7171F45860A0018FE84 /* Shader.metal */; };
/* End PBXBuildFile section */

/* Begin PBXContainerItemProxy section */
		CECAA7091F457F6D0018FE84 /* PBXContainerItemProxy */ = {
			isa = PBXContainerItemProxy;
			containerPortal = CECAA6EC1F457F6C0018FE84 /* Project object */;
			proxyType = 1;
			remoteGlobalIDString = CECAA6F31F457F6C0018FE84;
			remoteInfo = MetalExample;
		};
/* End PBXContainerItemProxy section */

/* Begin PBXFileReference section */
		CECAA6F41F457F6C0018FE84 /* MetalExample.app */ = {isa = PBXFileReference; explicitFileType = wrapper.application; includeInIndex = 0; path = MetalExample.app; sourceTree = BUILT_PRODUCTS_DIR; };
		CECAA6F71F457F6C0018FE84 /* AppDelegate.swift */ = {isa = PBXFileReference; lastKnownFileType = sourcecode.swift; path = AppDelegate.swift; sourceTree = "<group>"; };
		CECAA6F91F457F6C0018FE84 /* ViewController.swift */ = {isa = PBXFileReference; lastKnownFileType = sourcecode.swift; path = ViewController.swift; sourceTree = "<group>"; };
		CECAA6FC1F457F6C0018FE84 /* Base */ = {isa = PBXFileReference; lastKnownFileType = file.storyboard; name = Base; path = Base.lproj/Main.storyboard; sourceTree = "<group>"; };
		CECAA6FE1F457F6C0018FE84 /* Assets.xcassets */ = {isa = PBXFileReference; lastKnownFileType = folder.assetcatalog; path = Assets.xcassets; sourceTree = "<group>"; };
		CECAA7011F457F6C0018FE84 /* Base */ = {isa = PBXFileReference; lastKnownFileType = file.storyboard; name = Base; path = Base.lproj/LaunchScreen.storyboard; sourceTree = "<group>"; };
		CECAA7031F457F6C0018FE84 /* Info.plist */ = {isa = PBXFileReference; lastKnownFileType = text.plist.xml; path = Info.plist; sourceTree = "<group>"; };
		CECAA7081F457F6D0018FE84 /* MetalExampleUITests.xctest */ = {isa = PBXFileReference; explicitFileType = wrapper.cfbundle; includeInIndex = 0; path = MetalExampleUITests.xctest; sourceTree = BUILT_PRODUCTS_DIR; };
		CECAA70C1F457F6D0018FE84 /* MetalExampleUITests.swift */ = {isa = PBXFileReference; lastKnownFileType = sourcecode.swift; path = MetalExampleUITests.swift; sourceTree = "<group>"; };
		CECAA70E1F457F6D0018FE84 /* Info.plist */ = {isa = PBXFileReference; lastKnownFileType = text.plist.xml; path = Info.plist; sourceTree = "<group>"; };
		CECAA7171F45860A0018FE84 /* Shader.metal */ = {isa = PBXFileReference; fileEncoding = 4; lastKnownFileType = sourcecode.metal; path = Shader.metal; sourceTree = "<group>"; };
/* End PBXFileReference section */

/* Begin PBXFrameworksBuildPhase section */
		CECAA6F11F457F6C0018FE84 /* Frameworks */ = {
			isa = PBXFrameworksBuildPhase;
			buildActionMask = 2147483647;
			files = (
			);
			runOnlyForDeploymentPostprocessing = 0;
		};
		CECAA7051F457F6D0018FE84 /* Frameworks */ = {
			isa = PBXFrameworksBuildPhase;
			buildActionMask = 2147483647;
			files = (
			);
			runOnlyForDeploymentPostprocessing = 0;
		};
/* End PBXFrameworksBuildPhase section */

/* Begin PBXGroup section */
		CECAA6EB1F457F6C0018FE84 = {
			isa = PBXGroup;
			children = (
				CECAA6F61F457F6C0018FE84 /* MetalExample */,
				CECAA70B1F457F6D0018FE84 /* MetalExampleUITests */,
				CECAA6F51F457F6C0018FE84 /* Products */,
			);
			sourceTree = "<group>";
		};
		CECAA6F51F457F6C0018FE84 /* Products */ = {
			isa = PBXGroup;
			children = (
				CECAA6F41F457F6C0018FE84 /* MetalExample.app */,
				CECAA7081F457F6D0018FE84 /* MetalExampleUITests.xctest */,
			);
			name = Products;
			sourceTree = "<group>";
		};
		CECAA6F61F457F6C0018FE84 /* MetalExample */ = {
			isa = PBXGroup;
			children = (
				CECAA6F71F457F6C0018FE84 /* AppDelegate.swift */,
				CECAA6F91F457F6C0018FE84 /* ViewController.swift */,
				CECAA7171F45860A0018FE84 /* Shader.metal */,
				CECAA6FB1F457F6C0018FE84 /* Main.storyboard */,
				CECAA6FE1F457F6C0018FE84 /* Assets.xcassets */,
				CECAA7001F457F6C0018FE84 /* LaunchScreen.storyboard */,
				CECAA7031F457F6C0018FE84 /* Info.plist */,
			);
			path = MetalExample;
			sourceTree = "<group>";
		};
		CECAA70B1F457F6D0018FE84 /* MetalExampleUITests */ = {
			isa = PBXGroup;
			children = (
				CECAA70C1F457F6D0018FE84 /* MetalExampleUITests.swift */,
				CECAA70E1F457F6D0018FE84 /* Info.plist */,
			);
			path = MetalExampleUITests;
			sourceTree = "<group>";
		};
/* End PBXGroup section */

/* Begin PBXNativeTarget section */
		CECAA6F31F457F6C0018FE84 /* MetalExample */ = {
			isa = PBXNativeTarget;
			buildConfigurationList = CECAA7111F457F6D0018FE84 /* Build configuration list for PBXNativeTarget "MetalExample" */;
			buildPhases = (
				CECAA6F01F457F6C0018FE84 /* Sources */,
				CECAA6F11F457F6C0018FE84 /* Frameworks */,
				CECAA6F21F457F6C0018FE84 /* Resources */,
			);
			buildRules = (
			);
			dependencies = (
			);
			name = MetalExample;
			productName = MetalExample;
			productReference = CECAA6F41F457F6C0018FE84 /* MetalExample.app */;
			productType = "com.apple.product-type.application";
		};
		CECAA7071F457F6D0018FE84 /* MetalExampleUITests */ = {
			isa = PBXNativeTarget;
			buildConfigurationList = CECAA7141F457F6D0018FE84 /* Build configuration list for PBXNativeTarget "MetalExampleUITests" */;
			buildPhases = (
				CECAA7041F457F6D0018FE84 /* Sources */,
				CECAA7051F457F6D0018FE84 /* Frameworks */,
				CECAA7061F457F6D0018FE84 /* Resources */,
			);
			buildRules = (
			);
			dependencies = (
				CECAA70A1F457F6D0018FE84 /* PBXTargetDependency */,
			);
			name = MetalExampleUITests;
			productName = MetalExampleUITests;
			productReference = CECAA7081F457F6D0018FE84 /* MetalExampleUITests.xctest */;
			productType = "com.apple.product-type.bundle.ui-testing";
		};
/* End PBXNativeTarget section */

/* Begin PBXProject section */
		CECAA6EC1F457F6C0018FE84 /* Project object */ = {
			isa = PBXProject;
			attributes = {
				LastSwiftUpdateCheck = 0830;
				LastUpgradeCheck = 0830;
				ORGANIZATIONNAME = "Songwen Ding";
				TargetAttributes = {
					CECAA6F31F457F6C0018FE84 = {
						CreatedOnToolsVersion = 8.3.3;
						DevelopmentTeam = C6989DMQ59;
						ProvisioningStyle = Automatic;
					};
					CECAA7071F457F6D0018FE84 = {
						CreatedOnToolsVersion = 8.3.3;
						DevelopmentTeam = C6989DMQ59;
						ProvisioningStyle = Automatic;
						TestTargetID = CECAA6F31F457F6C0018FE84;
					};
				};
			};
			buildConfigurationList = CECAA6EF1F457F6C0018FE84 /* Build configuration list for PBXProject "MetalExample" */;
			compatibilityVersion = "Xcode 3.2";
			developmentRegion = English;
			hasScannedForEncodings = 0;
			knownRegions = (
				en,
				Base,
			);
			mainGroup = CECAA6EB1F457F6C0018FE84;
			productRefGroup = CECAA6F51F457F6C0018FE84 /* Products */;
			projectDirPath = "";
			projectRoot = "";
			targets = (
				CECAA6F31F457F6C0018FE84 /* MetalExample */,
				CECAA7071F457F6D0018FE84 /* MetalExampleUITests */,
			);
		};
/* End PBXProject section */

/* Begin PBXResourcesBuildPhase section */
		CECAA6F21F457F6C0018FE84 /* Resources */ = {
			isa = PBXResourcesBuildPhase;
			buildActionMask = 2147483647;
			files = (
				CECAA7021F457F6C0018FE84 /* LaunchScreen.storyboard in Resources */,
				CECAA6FF1F457F6C0018FE84 /* Assets.xcassets in Resources */,
				CECAA6FD1F457F6C0018FE84 /* Main.storyboard in Resources */,
			);
			runOnlyForDeploymentPostprocessing = 0;
		};
		CECAA7061F457F6D0018FE84 /* Resources */ = {
			isa = PBXResourcesBuildPhase;
			buildActionMask = 2147483647;
			files = (
			);
			runOnlyForDeploymentPostprocessing = 0;
		};
/* End PBXResourcesBuildPhase section */

/* Begin PBXSourcesBuildPhase section */
		CECAA6F01F457F6C0018FE84 /* Sources */ = {
			isa = PBXSourcesBuildPhase;
			buildActionMask = 2147483647;
			files = (
				CECAA7181F45860A0018FE84 /* Shader.metal in Sources */,
				CECAA6FA1F457F6C0018FE84 /* ViewController.swift in Sources */,
				CECAA6F81F457F6C0018FE84 /* AppDelegate.swift in Sources */,
			);
			runOnlyForDeploymentPostprocessing = 0;
		};
		CECAA7041F457F6D0018FE84 /* Sources */ = {
			isa = PBXSourcesBuildPhase;
			buildActionMask = 2147483647;
			files = (
				CECAA70D1F457F6D0018FE84 /* MetalExampleUITests.swift in Sources */,
			);
			runOnlyForDeploymentPostprocessing = 0;
		};
/* End PBXSourcesBuildPhase section */

/* Begin PBXTargetDependency section */
		CECAA70A1F457F6D0018FE84 /* PBXTargetDependency */ = {
			isa = PBXTargetDependency;
			target = CECAA6F31F457F6C0018FE84 /* MetalExample */;
			targetProxy = CECAA7091F457F6D0018FE84 /* PBXContainerItemProxy */;
		};
/* End PBXTargetDependency section */

/* Begin PBXVariantGroup section */
		CECAA6FB1F457F6C0018FE84 /* Main.storyboard */ = {
			isa = PBXVariantGroup;
			children = (
				CECAA6FC1F457F6C0018FE84 /* Base */,
			);
			name = Main.storyboard;
			sourceTree = "<group>";
		};
		CECAA7001F457F6C0018FE84 /* LaunchScreen.storyboard */ = {
			isa = PBXVariantGroup;
			children = (
				CECAA7011F457F6C0018FE84 /* Base */,
			);
			name = LaunchScreen.storyboard;
			sourceTree = "<group>";
		};
/* End PBXVariantGroup section */

/* Begin XCBuildConfiguration section */
		CECAA70F1F457F6D0018FE84 /* Debug */ = {
			isa = XCBuildConfiguration;
			buildSettings = {
				ALWAYS_SEARCH_USER_PATHS = NO;
				CLANG_ANALYZER_NONNULL = YES;
				CLANG_ANALYZER_NUMBER_OBJECT_CONVERSION = YES_AGGRESSIVE;
				CLANG_CXX_LANGUAGE_STANDARD = "gnu++0x";
				CLANG_CXX_LIBRARY = "libc++";
				CLANG_ENABLE_MODULES = YES;
				CLANG_ENABLE_OBJC_ARC = YES;
				CLANG_WARN_BOOL_CONVERSION = YES;
				CLANG_WARN_CONSTANT_CONVERSION = YES;
				CLANG_WARN_DIRECT_OBJC_ISA_USAGE = YES_ERROR;
				CLANG_WARN_DOCUMENTATION_COMMENTS = YES;
				CLANG_WARN_EMPTY_BODY = YES;
				CLANG_WARN_ENUM_CONVERSION = YES;
				CLANG_WARN_INFINITE_RECURSION = YES;
				CLANG_WARN_INT_CONVERSION = YES;
				CLANG_WARN_OBJC_ROOT_CLASS = YES_ERROR;
				CLANG_WARN_SUSPICIOUS_MOVE = YES;
				CLANG_WARN_UNREACHABLE_CODE = YES;
				CLANG_WARN__DUPLICATE_METHOD_MATCH = YES;
				"CODE_SIGN_IDENTITY[sdk=iphoneos*]" = "iPhone Developer";
				COPY_PHASE_STRIP = NO;
				DEBUG_INFORMATION_FORMAT = dwarf;
				ENABLE_STRICT_OBJC_MSGSEND = YES;
				ENABLE_TESTABILITY = YES;
				GCC_C_LANGUAGE_STANDARD = gnu99;
				GCC_DYNAMIC_NO_PIC = NO;
				GCC_NO_COMMON_BLOCKS = YES;
				GCC_OPTIMIZATION_LEVEL = 0;
				GCC_PREPROCESSOR_DEFINITIONS = (
					"DEBUG=1",
					"$(inherited)",
				);
				GCC_WARN_64_TO_32_BIT_CONVERSION = YES;
				GCC_WARN_ABOUT_RETURN_TYPE = YES_ERROR;
				GCC_WARN_UNDECLARED_SELECTOR = YES;
				GCC_WARN_UNINITIALIZED_AUTOS = YES_AGGRESSIVE;
				GCC_WARN_UNUSED_FUNCTION = YES;
				GCC_WARN_UNUSED_VARIABLE = YES;
				IPHONEOS_DEPLOYMENT_TARGET = 10.3;
				MTL_ENABLE_DEBUG_INFO = YES;
				ONLY_ACTIVE_ARCH = YES;
				SDKROOT = iphoneos;
				SWIFT_ACTIVE_COMPILATION_CONDITIONS = DEBUG;
				SWIFT_OPTIMIZATION_LEVEL = "-Onone";
				TARGETED_DEVICE_FAMILY = "1,2";
			};
			name = Debug;
		};
		CECAA7101F457F6D0018FE84 /* Release */ = {
			isa = XCBuildConfiguration;
			buildSettings = {
				ALWAYS_SEARCH_USER_PATHS = NO;
				CLANG_ANALYZER_NONNULL = YES;
				CLANG_ANALYZER_NUMBER_OBJECT_CONVERSION = YES_AGGRESSIVE;
				CLANG_CXX_LANGUAGE_STANDARD = "gnu++0x";
				CLANG_CXX_LIBRARY = "libc++";
				CLANG_ENABLE_MODULES = YES;
				CLANG_ENABLE_OBJC_ARC = YES;
				CLANG_WARN_BOOL_CONVERSION = YES;
				CLANG_WARN_CONSTANT_CONVERSION = YES;
				CLANG_WARN_DIRECT_OBJC_ISA_USAGE = YES_ERROR;
				CLANG_WARN_DOCUMENTATION_COMMENTS = YES;
				CLANG_WARN_EMPTY_BODY = YES;
				CLANG_WARN_ENUM_CONVERSION = YES;
				CLANG_WARN_INFINITE_RECURSION = YES;
				CLANG_WARN_INT_CONVERSION = YES;
				CLANG_WARN_OBJC_ROOT_CLASS = YES_ERROR;
				CLANG_WARN_SUSPICIOUS_MOVE = YES;
				CLANG_WARN_UNREACHABLE_CODE = YES;
				CLANG_WARN__DUPLICATE_METHOD_MATCH = YES;
				"CODE_SIGN_IDENTITY[sdk=iphoneos*]" = "iPhone Developer";
				COPY_PHASE_STRIP = NO;
				DEBUG_INFORMATION_FORMAT = "dwarf-with-dsym";
				ENABLE_NS_ASSERTIONS = NO;
				ENABLE_STRICT_OBJC_MSGSEND = YES;
				GCC_C_LANGUAGE_STANDARD = gnu99;
				GCC_NO_COMMON_BLOCKS = YES;
				GCC_WARN_64_TO_32_BIT_CONVERSION = YES;
				GCC_WARN_ABOUT_RETURN_TYPE = YES_ERROR;
				GCC_WARN_UNDECLARED_SELECTOR = YES;
				GCC_WARN_UNINITIALIZED_AUTOS = YES_AGGRESSIVE;
				GCC_WARN_UNUSED_FUNCTION = YES;
				GCC_WARN_UNUSED_VARIABLE = YES;
				IPHONEOS_DEPLOYMENT_TARGET = 10.3;
				MTL_ENABLE_DEBUG_INFO = NO;
				SDKROOT = iphoneos;
				SWIFT_OPTIMIZATION_LEVEL = "-Owholemodule";
				TARGETED_DEVICE_FAMILY = "1,2";
				VALIDATE_PRODUCT = YES;
			};
			name = Release;
		};
		CECAA7121F457F6D0018FE84 /* Debug */ = {
			isa = XCBuildConfiguration;
			buildSettings = {
				ASSETCATALOG_COMPILER_APPICON_NAME = AppIcon;
				DEVELOPMENT_TEAM = C6989DMQ59;
				INFOPLIST_FILE = MetalExample/Info.plist;
				LD_RUNPATH_SEARCH_PATHS = "$(inherited) @executable_path/Frameworks";
				PRODUCT_BUNDLE_IDENTIFIER = DingSoung.MetalExample;
				PRODUCT_NAME = "$(TARGET_NAME)";
				SWIFT_VERSION = 3.0;
			};
			name = Debug;
		};
		CECAA7131F457F6D0018FE84 /* Release */ = {
			isa = XCBuildConfiguration;
			buildSettings = {
				ASSETCATALOG_COMPILER_APPICON_NAME = AppIcon;
				DEVELOPMENT_TEAM = C6989DMQ59;
				INFOPLIST_FILE = MetalExample/Info.plist;
				LD_RUNPATH_SEARCH_PATHS = "$(inherited) @executable_path/Frameworks";
				PRODUCT_BUNDLE_IDENTIFIER = DingSoung.MetalExample;
				PRODUCT_NAME = "$(TARGET_NAME)";
				SWIFT_VERSION = 3.0;
			};
			name = Release;
		};
		CECAA7151F457F6D0018FE84 /* Debug */ = {
			isa = XCBuildConfiguration;
			buildSettings = {
				ALWAYS_EMBED_SWIFT_STANDARD_LIBRARIES = YES;
				DEVELOPMENT_TEAM = C6989DMQ59;
				INFOPLIST_FILE = MetalExampleUITests/Info.plist;
				LD_RUNPATH_SEARCH_PATHS = "$(inherited) @executable_path/Frameworks @loader_path/Frameworks";
				PRODUCT_BUNDLE_IDENTIFIER = DingSoung.MetalExampleUITests;
				PRODUCT_NAME = "$(TARGET_NAME)";
				SWIFT_VERSION = 3.0;
				TEST_TARGET_NAME = MetalExample;
			};
			name = Debug;
		};
		CECAA7161F457F6D0018FE84 /* Release */ = {
			isa = XCBuildConfiguration;
			buildSettings = {
				ALWAYS_EMBED_SWIFT_STANDARD_LIBRARIES = YES;
				DEVELOPMENT_TEAM = C6989DMQ59;
				INFOPLIST_FILE = MetalExampleUITests/Info.plist;
				LD_RUNPATH_SEARCH_PATHS = "$(inherited) @executable_path/Frameworks @loader_path/Frameworks";
				PRODUCT_BUNDLE_IDENTIFIER = DingSoung.MetalExampleUITests;
				PRODUCT_NAME = "$(TARGET_NAME)";
				SWIFT_VERSION = 3.0;
				TEST_TARGET_NAME = MetalExample;
			};
			name = Release;
		};
/* End XCBuildConfiguration section */

/* Begin XCConfigurationList section */
		CECAA6EF1F457F6C0018FE84 /* Build configuration list for PBXProject "MetalExample" */ = {
			isa = XCConfigurationList;
			buildConfigurations = (
				CECAA70F1F457F6D0018FE84 /* Debug */,
				CECAA7101F457F6D0018FE84 /* Release */,
			);
			defaultConfigurationIsVisible = 0;
			defaultConfigurationName = Release;
		};
		CECAA7111F457F6D0018FE84 /* Build configuration list for PBXNativeTarget "MetalExample" */ = {
			isa = XCConfigurationList;
			buildConfigurations = (
				CECAA7121F457F6D0018FE84 /* Debug */,
				CECAA7131F457F6D0018FE84 /* Release */,
			);
			defaultConfigurationIsVisible = 0;
		};
		CECAA7141F457F6D0018FE84 /* Build configuration list for PBXNativeTarget "MetalExampleUITests" */ = {
			isa = XCConfigurationList;
			buildConfigurations = (
				CECAA7151F457F6D0018FE84 /* Debug */,
				CECAA7161F457F6D0018FE84 /* Release */,
			);
			defaultConfigurationIsVisible = 0;
		};
/* End XCConfigurationList section */
	};
	rootObject = CECAA6EC1F457F6C0018FE84 /* Project object */;
}
