{
  "object": {
    "pins": [
      {
        "package": "Extension",
        "repositoryURL": "https://github.com/DingSoung/Extension",
        "state": {
          "branch": "master",
          "revision": "ab54a7716992e5c5ba8d9949c53dea0b5450f64e",
          "version": null
        }
      }
    ]
  },
  "version": 1
}
